{
  "requires": true,
  "lockfileVersion": 1,
  "dependencies": {
    "tiny-slider": {
      "version": "2.9.2",
      "resolved": "https://registry.npmjs.org/tiny-slider/-/tiny-slider-2.9.2.tgz",
      "integrity": "sha512-2sgEJpVbpIbbgiYM/xGa0HMvvtUZSJvXeZJmLWBux6VgFqh/MQG8LXBR59ZLYpa/1OtwM0E6/ic55oLOJN9Mnw=="
    }
  }
}
